<?xml version="1.0" encoding="utf-8"?>
<Project ToolsVersion="4.0" xmlns="http://schemas.microsoft.com/developer/msbuild/2003">
  <ItemGroup>
    <Filter Include="源文件">
      <UniqueIdentifier>{4FC737F1-C7A5-4376-A066-2A32D752A2FF}</UniqueIdentifier>
      <Extensions>cpp;c;cc;cxx;def;odl;idl;hpj;bat;asm;asmx</Extensions>
    </Filter>
    <Filter Include="头文件">
      <UniqueIdentifier>{93995380-89BD-4b04-88EB-625FBE52EBFB}</UniqueIdentifier>
      <Extensions>h;hh;hpp;hxx;hm;inl;inc;ipp;xsd</Extensions>
    </Filter>
    <Filter Include="资源文件">
      <UniqueIdentifier>{67DA6AB6-F800-4c08-8B7A-83BB121AAD01}</UniqueIdentifier>
      <Extensions>rc;ico;cur;bmp;dlg;rc2;rct;bin;rgs;gif;jpg;jpeg;jpe;resx;tiff;tif;png;wav;mfcribbon-ms</Extensions>
    </Filter>
  </ItemGroup>
  <ItemGroup>
    <ClCompile Include="读取保存xml和yaml.cpp">
      <Filter>源文件</Filter>
    </ClCompile>
    <ClCompile Include="图像分离和合并.cpp">
      <Filter>源文件</Filter>
    </ClCompile>
    <ClCompile Include="距离变换.cpp">
      <Filter>源文件</Filter>
    </ClCompile>
    <ClCompile Include="距离变换2.cpp">
      <Filter>源文件</Filter>
    </ClCompile>
    <ClCompile Include="像素逻辑运算.cpp">
      <Filter>源文件</Filter>
    </ClCompile>
    <ClCompile Include="myThreshold.cpp">
      <Filter>源文件</Filter>
    </ClCompile>
    <ClCompile Include="myLUT.cpp">
      <Filter>源文件</Filter>
    </ClCompile>
    <ClCompile Include="图像拼接.cpp">
      <Filter>源文件</Filter>
    </ClCompile>
    <ClCompile Include="myFilp.cpp">
      <Filter>源文件</Filter>
    </ClCompile>
    <ClCompile Include="myWarpAffine.cpp">
      <Filter>源文件</Filter>
    </ClCompile>
    <ClCompile Include="myWarpPerspective.cpp">
      <Filter>源文件</Filter>
    </ClCompile>
    <ClCompile Include="mywarpPolar.cpp">
      <Filter>源文件</Filter>
    </ClCompile>
    <ClCompile Include="myPlot.cpp">
      <Filter>源文件</Filter>
    </ClCompile>
    <ClCompile Include="myDeepShallowcopy.cpp">
      <Filter>源文件</Filter>
    </ClCompile>
    <ClCompile Include="myPyramid.cpp">
      <Filter>源文件</Filter>
    </ClCompile>
    <ClCompile Include="myCtreateTrackbar.cpp">
      <Filter>源文件</Filter>
    </ClCompile>
    <ClCompile Include="myMouse.cpp">
      <Filter>源文件</Filter>
    </ClCompile>
    <ClCompile Include="myCalcHist.cpp">
      <Filter>源文件</Filter>
    </ClCompile>
    <ClCompile Include="myNormalize.cpp">
      <Filter>源文件</Filter>
    </ClCompile>
    <ClCompile Include="myEqualizeHist.cpp">
      <Filter>源文件</Filter>
    </ClCompile>
    <ClCompile Include="直方图匹配.cpp">
      <Filter>源文件</Filter>
    </ClCompile>
    <ClCompile Include="反向投影.cpp">
      <Filter>源文件</Filter>
    </ClCompile>
    <ClCompile Include="模板匹配.cpp">
      <Filter>源文件</Filter>
    </ClCompile>
    <ClCompile Include="myFilter2D.cpp">
      <Filter>源文件</Filter>
    </ClCompile>
    <ClCompile Include="mySaltAndPepper.cpp">
      <Filter>源文件</Filter>
    </ClCompile>
    <ClCompile Include="myGaussNoise.cpp">
      <Filter>源文件</Filter>
    </ClCompile>
    <ClCompile Include="myBlur.cpp">
      <Filter>源文件</Filter>
    </ClCompile>
    <ClCompile Include="myGaussianBlur.cpp">
      <Filter>源文件</Filter>
    </ClCompile>
    <ClCompile Include="myselfFilter.cpp">
      <Filter>源文件</Filter>
    </ClCompile>
    <ClCompile Include="myMedianBlur.cpp">
      <Filter>源文件</Filter>
    </ClCompile>
    <ClCompile Include="mybilateralFilter.cpp">
      <Filter>源文件</Filter>
    </ClCompile>
    <ClCompile Include="myEdge.cpp">
      <Filter>源文件</Filter>
    </ClCompile>
    <ClCompile Include="mySobel.cpp">
      <Filter>源文件</Filter>
    </ClCompile>
    <ClCompile Include="myGetDerivKernels.cpp">
      <Filter>源文件</Filter>
    </ClCompile>
    <ClCompile Include="myLaplacian.cpp">
      <Filter>源文件</Filter>
    </ClCompile>
    <ClCompile Include="myCanny.cpp">
      <Filter>源文件</Filter>
    </ClCompile>
    <ClCompile Include="myDistanceTransform.cpp">
      <Filter>源文件</Filter>
    </ClCompile>
    <ClCompile Include="myConnectComponents.cpp">
      <Filter>源文件</Filter>
    </ClCompile>
    <ClCompile Include="myConnectedComponentsWithStats.cpp">
      <Filter>源文件</Filter>
    </ClCompile>
    <ClCompile Include="myErode.cpp">
      <Filter>源文件</Filter>
    </ClCompile>
    <ClCompile Include="myMorphologyApp.cpp">
      <Filter>源文件</Filter>
    </ClCompile>
    <ClCompile Include="myThinning.cpp">
      <Filter>源文件</Filter>
    </ClCompile>
    <ClCompile Include="myHoughLines.cpp">
      <Filter>源文件</Filter>
    </ClCompile>
    <ClCompile Include="myHoughLinesP.cpp">
      <Filter>源文件</Filter>
    </ClCompile>
    <ClCompile Include="myHoughLinesPointSet.cpp">
      <Filter>源文件</Filter>
    </ClCompile>
    <ClCompile Include="myFitLine.cpp">
      <Filter>源文件</Filter>
    </ClCompile>
    <ClCompile Include="homofileter.cpp">
      <Filter>源文件</Filter>
    </ClCompile>
    <ClCompile Include="mydft2.cpp">
      <Filter>源文件</Filter>
    </ClCompile>
  </ItemGroup>
</Project>